
Microsoft Visual Studio Solution File, Format Version 12.00
# Visual Studio Version 16
VisualStudioVersion = 16.0.31624.102
MinimumVisualStudioVersion = 10.0.40219.1
Project("{8BC9CEB8-8B4A-11D0-8D11-00A0C91BC942}") = "04-Delitelnost", "04-Delitelnost.vcxproj", "{437D0B91-6BD3-439F-B5C3-F082ADEC5027}"
EndProject
Global
	GlobalSection(SolutionConfigurationPlatforms) = preSolution
		Debug|x64 = Debug|x64
		Debug|x86 = Debug|x86
		Release|x64 = Release|x64
		Release|x86 = Release|x86
	EndGlobalSection
	GlobalSection(ProjectConfigurationPlatforms) = postSolution
		{437D0B91-6BD3-439F-B5C3-F082ADEC5027}.Debug|x64.ActiveCfg = Debug|x64
		{437D0B91-6BD3-439F-B5C3-F082ADEC5027}.Debug|x64.Build.0 = Debug|x64
		{437D0B91-6BD3-439F-B5C3-F082ADEC5027}.Debug|x86.ActiveCfg = Debug|Win32
		{437D0B91-6BD3-439F-B5C3-F082ADEC5027}.Debug|x86.Build.0 = Debug|Win32
		{437D0B91-6BD3-439F-B5C3-F082ADEC5027}.Release|x64.ActiveCfg = Release|x64
		{437D0B91-6BD3-439F-B5C3-F082ADEC5027}.Release|x64.Build.0 = Release|x64
		{437D0B91-6BD3-439F-B5C3-F082ADEC5027}.Release|x86.ActiveCfg = Release|Win32
		{437D0B91-6BD3-439F-B5C3-F082ADEC5027}.Release|x86.Build.0 = Release|Win32
	EndGlobalSection
	GlobalSection(SolutionProperties) = preSolution
		HideSolutionNode = FALSE
	EndGlobalSection
	GlobalSection(ExtensibilityGlobals) = postSolution
		SolutionGuid = {1689960D-E20A-422A-880B-B36236014BC3}
	EndGlobalSection
EndGlobal
